Microsoft Visual Studio Solution File, Format Version 12.00
# Visual Studio Version 17
VisualStudioVersion = 17.5.2.0
MinimumVisualStudioVersion = 10.0.40219.1
Project("{2150E333-8FDC-42A3-9474-1A3956D46DE8}") = "labs", "labs", "{908A2AE8-7277-8D33-5900-B70622523C2F}"
EndProject
Project("{2150E333-8FDC-42A3-9474-1A3956D46DE8}") = "lab3.1", "lab3.1", "{173A4451-7472-CBD3-C2A8-FAE1935A1980}"
EndProject
Project("{FAE04EC0-301F-11D3-BF4B-00C04F79EFBC}") = "ConsoleMenu", "labs\lab3.1\ConsoleMenu\ConsoleMenu.csproj", "{7A69FCD8-6460-184A-3E4D-C4F11A7A3ACF}"
EndProject
Project("{FAE04EC0-301F-11D3-BF4B-00C04F79EFBC}") = "DataManager", "labs\lab3.1\DataManager\DataManager.csproj", "{B0DDF4CB-B066-12DC-DCE9-060A6BBD9E1F}"
EndProject
Global
	GlobalSection(SolutionConfigurationPlatforms) = preSolution
		Debug|Any CPU = Debug|Any CPU
		Release|Any CPU = Release|Any CPU
	EndGlobalSection
	GlobalSection(ProjectConfigurationPlatforms) = postSolution
		{7A69FCD8-6460-184A-3E4D-C4F11A7A3ACF}.Debug|Any CPU.ActiveCfg = Debug|Any CPU
		{7A69FCD8-6460-184A-3E4D-C4F11A7A3ACF}.Debug|Any CPU.Build.0 = Debug|Any CPU
		{7A69FCD8-6460-184A-3E4D-C4F11A7A3ACF}.Release|Any CPU.ActiveCfg = Release|Any CPU
		{7A69FCD8-6460-184A-3E4D-C4F11A7A3ACF}.Release|Any CPU.Build.0 = Release|Any CPU
		{B0DDF4CB-B066-12DC-DCE9-060A6BBD9E1F}.Debug|Any CPU.ActiveCfg = Debug|Any CPU
		{B0DDF4CB-B066-12DC-DCE9-060A6BBD9E1F}.Debug|Any CPU.Build.0 = Debug|Any CPU
		{B0DDF4CB-B066-12DC-DCE9-060A6BBD9E1F}.Release|Any CPU.ActiveCfg = Release|Any CPU
		{B0DDF4CB-B066-12DC-DCE9-060A6BBD9E1F}.Release|Any CPU.Build.0 = Release|Any CPU
	EndGlobalSection
	GlobalSection(SolutionProperties) = preSolution
		HideSolutionNode = FALSE
	EndGlobalSection
	GlobalSection(NestedProjects) = preSolution
		{173A4451-7472-CBD3-C2A8-FAE1935A1980} = {908A2AE8-7277-8D33-5900-B70622523C2F}
		{7A69FCD8-6460-184A-3E4D-C4F11A7A3ACF} = {173A4451-7472-CBD3-C2A8-FAE1935A1980}
		{B0DDF4CB-B066-12DC-DCE9-060A6BBD9E1F} = {173A4451-7472-CBD3-C2A8-FAE1935A1980}
	EndGlobalSection
	GlobalSection(ExtensibilityGlobals) = postSolution
		SolutionGuid = {C3761B6B-8A55-43DB-A709-FDFE0A61C8E9}
	EndGlobalSection
EndGlobal
