
Microsoft Visual Studio Solution File, Format Version 12.00
# Visual Studio Version 17
VisualStudioVersion = 17.5.2.0
MinimumVisualStudioVersion = 10.0.40219.1
Project("{2150E333-8FDC-42A3-9474-1A3956D46DE8}") = "Software architecure", "Software architecure", "{02EA681E-C7D8-13C7-8484-4AC65E1B71E8}"
EndProject
Project("{2150E333-8FDC-42A3-9474-1A3956D46DE8}") = "labs", "labs", "{29F851A2-C8E9-46C8-8B13-03C7EED761B0}"
EndProject
Project("{FAE04EC0-301F-11D3-BF4B-00C04F79EFBC}") = "lab1", "Software architecture\lab1\lab1.csproj", "{945D757A-8CB1-4D8E-B5BD-8179F25E508C}"
EndProject
Project("{2150E333-8FDC-42A3-9474-1A3956D46DE8}") = "Algorithms", "Algorithms", "{5D26F3B0-2769-F421-9ACD-527FA886E1D4}"
EndProject
Project("{FAE04EC0-301F-11D3-BF4B-00C04F79EFBC}") = "lab1", "Algorithms\lab1\lab1.csproj", "{DFC165C7-B716-4083-B92E-876AAB1289D1}"
EndProject
Global
	GlobalSection(SolutionConfigurationPlatforms) = preSolution
		Debug|Any CPU = Debug|Any CPU
		Debug|x64 = Debug|x64
		Debug|x86 = Debug|x86
		Release|Any CPU = Release|Any CPU
		Release|x64 = Release|x64
		Release|x86 = Release|x86
	EndGlobalSection
	GlobalSection(ProjectConfigurationPlatforms) = postSolution
		{945D757A-8CB1-4D8E-B5BD-8179F25E508C}.Debug|Any CPU.ActiveCfg = Debug|Any CPU
		{945D757A-8CB1-4D8E-B5BD-8179F25E508C}.Debug|Any CPU.Build.0 = Debug|Any CPU
		{945D757A-8CB1-4D8E-B5BD-8179F25E508C}.Debug|x64.ActiveCfg = Debug|Any CPU
		{945D757A-8CB1-4D8E-B5BD-8179F25E508C}.Debug|x64.Build.0 = Debug|Any CPU
		{945D757A-8CB1-4D8E-B5BD-8179F25E508C}.Debug|x86.ActiveCfg = Debug|Any CPU
		{945D757A-8CB1-4D8E-B5BD-8179F25E508C}.Debug|x86.Build.0 = Debug|Any CPU
		{945D757A-8CB1-4D8E-B5BD-8179F25E508C}.Release|Any CPU.ActiveCfg = Release|Any CPU
		{945D757A-8CB1-4D8E-B5BD-8179F25E508C}.Release|Any CPU.Build.0 = Release|Any CPU
		{945D757A-8CB1-4D8E-B5BD-8179F25E508C}.Release|x64.ActiveCfg = Release|Any CPU
		{945D757A-8CB1-4D8E-B5BD-8179F25E508C}.Release|x64.Build.0 = Release|Any CPU
		{945D757A-8CB1-4D8E-B5BD-8179F25E508C}.Release|x86.ActiveCfg = Release|Any CPU
		{945D757A-8CB1-4D8E-B5BD-8179F25E508C}.Release|x86.Build.0 = Release|Any CPU
		{DFC165C7-B716-4083-B92E-876AAB1289D1}.Debug|Any CPU.ActiveCfg = Debug|Any CPU
		{DFC165C7-B716-4083-B92E-876AAB1289D1}.Debug|Any CPU.Build.0 = Debug|Any CPU
		{DFC165C7-B716-4083-B92E-876AAB1289D1}.Debug|x64.ActiveCfg = Debug|Any CPU
		{DFC165C7-B716-4083-B92E-876AAB1289D1}.Debug|x64.Build.0 = Debug|Any CPU
		{DFC165C7-B716-4083-B92E-876AAB1289D1}.Debug|x86.ActiveCfg = Debug|Any CPU
		{DFC165C7-B716-4083-B92E-876AAB1289D1}.Debug|x86.Build.0 = Debug|Any CPU
		{DFC165C7-B716-4083-B92E-876AAB1289D1}.Release|Any CPU.ActiveCfg = Release|Any CPU
		{DFC165C7-B716-4083-B92E-876AAB1289D1}.Release|Any CPU.Build.0 = Release|Any CPU
		{DFC165C7-B716-4083-B92E-876AAB1289D1}.Release|x64.ActiveCfg = Release|Any CPU
		{DFC165C7-B716-4083-B92E-876AAB1289D1}.Release|x64.Build.0 = Release|Any CPU
		{DFC165C7-B716-4083-B92E-876AAB1289D1}.Release|x86.ActiveCfg = Release|Any CPU
		{DFC165C7-B716-4083-B92E-876AAB1289D1}.Release|x86.Build.0 = Release|Any CPU
	EndGlobalSection
	GlobalSection(SolutionProperties) = preSolution
		HideSolutionNode = FALSE
	EndGlobalSection
	GlobalSection(NestedProjects) = preSolution
		{29F851A2-C8E9-46C8-8B13-03C7EED761B0} = {02EA681E-C7D8-13C7-8484-4AC65E1B71E8}
		{945D757A-8CB1-4D8E-B5BD-8179F25E508C} = {29F851A2-C8E9-46C8-8B13-03C7EED761B0}
		{DFC165C7-B716-4083-B92E-876AAB1289D1} = {5D26F3B0-2769-F421-9ACD-527FA886E1D4}
	EndGlobalSection
	GlobalSection(ExtensibilityGlobals) = postSolution
		SolutionGuid = {C3761B6B-8A55-43DB-A709-FDFE0A61C8E9}
	EndGlobalSection
EndGlobal
